Microsoft Visual Studio Solution File, Format Version 11.00
# Visual Studio 2008

Project("{0E99AFA1-8EC6-DD14-6AD3-FB376414FB07}") = "Bears Vs BoyScouts", "Assembly-CSharp.csproj", "{A70FC5D2-C46E-8333-5185-90A8930E1BD7}"
EndProject
Global
	GlobalSection(SolutionConfigurationPlatforms) = preSolution
		Debug|Any CPU = Debug|Any CPU
		Release|Any CPU = Release|Any CPU
	EndGlobalSection
	GlobalSection(ProjectConfigurationPlatforms) = postSolution
		{A70FC5D2-C46E-8333-5185-90A8930E1BD7}.Debug|Any CPU.ActiveCfg = Debug|Any CPU
		{A70FC5D2-C46E-8333-5185-90A8930E1BD7}.Debug|Any CPU.Build.0 = Debug|Any CPU
		{A70FC5D2-C46E-8333-5185-90A8930E1BD7}.Release|Any CPU.ActiveCfg = Release|Any CPU
		{A70FC5D2-C46E-8333-5185-90A8930E1BD7}.Release|Any CPU.Build.0 = Release|Any CPU
	EndGlobalSection
	GlobalSection(SolutionProperties) = preSolution
		HideSolutionNode = FALSE
	EndGlobalSection
	GlobalSection(MonoDevelopProperties) = preSolution
		StartupItem = Assembly-CSharp.csproj
	EndGlobalSection
EndGlobal
